<?xml version="1.0" encoding="utf-8"?>
<Project ToolsVersion="4.0" xmlns="http://schemas.microsoft.com/developer/msbuild/2003">
  <ItemGroup>
    <Filter Include="소스 파일">
      <UniqueIdentifier>{4FC737F1-C7A5-4376-A066-2A32D752A2FF}</UniqueIdentifier>
      <Extensions>cpp;c;cc;cxx;c++;cppm;ixx;def;odl;idl;hpj;bat;asm;asmx</Extensions>
    </Filter>
    <Filter Include="헤더 파일">
      <UniqueIdentifier>{93995380-89BD-4b04-88EB-625FBE52EBFB}</UniqueIdentifier>
      <Extensions>h;hh;hpp;hxx;h++;hm;inl;inc;ipp;xsd</Extensions>
    </Filter>
    <Filter Include="리소스 파일">
      <UniqueIdentifier>{67DA6AB6-F800-4c08-8B7A-83BB121AAD01}</UniqueIdentifier>
      <Extensions>rc;ico;cur;bmp;dlg;rc2;rct;bin;rgs;gif;jpg;jpeg;jpe;resx;tiff;tif;png;wav;mfcribbon-ms</Extensions>
    </Filter>
    <Filter Include="소스 파일\cham">
      <UniqueIdentifier>{022dbf40-0df2-4343-92d5-a88acd738f1b}</UniqueIdentifier>
    </Filter>
    <Filter Include="소스 파일\Linkedlist">
      <UniqueIdentifier>{3423b673-770f-4e61-8988-e8bca9b1b716}</UniqueIdentifier>
    </Filter>
    <Filter Include="소스 파일\Tree">
      <UniqueIdentifier>{1a324b5c-4963-4848-a3d6-ff0dae7a9456}</UniqueIdentifier>
    </Filter>
    <Filter Include="소스 파일\List">
      <UniqueIdentifier>{39f80d8c-89f5-44a3-bfd0-cba2e3b1ff71}</UniqueIdentifier>
    </Filter>
    <Filter Include="소스 파일\Heap">
      <UniqueIdentifier>{e3e47310-f7ba-48d0-b6ca-13084dd7a610}</UniqueIdentifier>
    </Filter>
  </ItemGroup>
  <ItemGroup>
    <ClCompile Include="main.cpp">
      <Filter>소스 파일</Filter>
    </ClCompile>
    <ClCompile Include="cham.cpp">
      <Filter>소스 파일\cham</Filter>
    </ClCompile>
    <ClCompile Include="List.cpp">
      <Filter>소스 파일\List</Filter>
    </ClCompile>
    <ClCompile Include="Linkedlist.cpp">
      <Filter>소스 파일\Linkedlist</Filter>
    </ClCompile>
    <ClCompile Include="Tree.cpp">
      <Filter>소스 파일\Tree</Filter>
    </ClCompile>
    <ClCompile Include="Heap.cpp">
      <Filter>소스 파일\Heap</Filter>
    </ClCompile>
  </ItemGroup>
  <ItemGroup>
    <Text Include="testdata.txt">
      <Filter>소스 파일</Filter>
    </Text>
  </ItemGroup>
  <ItemGroup>
    <ClInclude Include="cham.h">
      <Filter>소스 파일\cham</Filter>
    </ClInclude>
    <ClInclude Include="List.h">
      <Filter>소스 파일\List</Filter>
    </ClInclude>
    <ClInclude Include="Linkedlist.h">
      <Filter>소스 파일\Linkedlist</Filter>
    </ClInclude>
    <ClInclude Include="Tree.h">
      <Filter>소스 파일\Tree</Filter>
    </ClInclude>
    <ClInclude Include="Heap.h">
      <Filter>소스 파일\Heap</Filter>
    </ClInclude>
  </ItemGroup>
</Project>